
Microsoft Visual Studio Solution File, Format Version 12.00
# Visual Studio Version 16
VisualStudioVersion = 16.0.31321.278
MinimumVisualStudioVersion = 10.0.40219.1
Project("{FAE04EC0-301F-11D3-BF4B-00C04F79EFBC}") = "ToggleSwitchDemo", "ToggleSwitchDemo\ToggleSwitchDemo.csproj", "{D6645DB9-4DD6-4C3F-B8A4-8FA9C214CECA}"
EndProject
Project("{FAE04EC0-301F-11D3-BF4B-00C04F79EFBC}") = "ToggleSwitchLibrary", "ToggleSwitchLibrary\ToggleSwitchLibrary.csproj", "{780C39A8-C0AE-4564-94AD-907A650F87E8}"
EndProject
Global
	GlobalSection(SolutionConfigurationPlatforms) = preSolution
		Debug|Any CPU = Debug|Any CPU
		Release|Any CPU = Release|Any CPU
	EndGlobalSection
	GlobalSection(ProjectConfigurationPlatforms) = postSolution
		{D6645DB9-4DD6-4C3F-B8A4-8FA9C214CECA}.Debug|Any CPU.ActiveCfg = Debug|Any CPU
		{D6645DB9-4DD6-4C3F-B8A4-8FA9C214CECA}.Debug|Any CPU.Build.0 = Debug|Any CPU
		{D6645DB9-4DD6-4C3F-B8A4-8FA9C214CECA}.Release|Any CPU.ActiveCfg = Release|Any CPU
		{D6645DB9-4DD6-4C3F-B8A4-8FA9C214CECA}.Release|Any CPU.Build.0 = Release|Any CPU
		{780C39A8-C0AE-4564-94AD-907A650F87E8}.Debug|Any CPU.ActiveCfg = Debug|Any CPU
		{780C39A8-C0AE-4564-94AD-907A650F87E8}.Debug|Any CPU.Build.0 = Debug|Any CPU
		{780C39A8-C0AE-4564-94AD-907A650F87E8}.Release|Any CPU.ActiveCfg = Release|Any CPU
		{780C39A8-C0AE-4564-94AD-907A650F87E8}.Release|Any CPU.Build.0 = Release|Any CPU
	EndGlobalSection
	GlobalSection(SolutionProperties) = preSolution
		HideSolutionNode = FALSE
	EndGlobalSection
	GlobalSection(ExtensibilityGlobals) = postSolution
		SolutionGuid = {FAAEE8B4-4666-48D6-9795-50EA40ED1AC0}
	EndGlobalSection
EndGlobal
